
Microsoft Visual Studio Solution File, Format Version 12.00
# Visual Studio Version 17
VisualStudioVersion = 17.14.36616.10 d17.14
MinimumVisualStudioVersion = 10.0.40219.1
Project("{FAE04EC0-301F-11D3-BF4B-00C04F79EFBC}") = "DungeonFlow", "DungeonFlow\DungeonFlow.csproj", "{135FE33A-C822-419C-AE75-F5C7CFCB9C97}"
EndProject
Project("{FAE04EC0-301F-11D3-BF4B-00C04F79EFBC}") = "DungeonFlow.Tests", "DungeonFlow.Tests\DungeonFlow.Tests.csproj", "{1B9D7FEB-A50D-43E0-B2AD-2D3E3FC49108}"
EndProject
Project("{FAE04EC0-301F-11D3-BF4B-00C04F79EFBC}") = "DungeonFlow.Renderer", "DungeonFlow.Renderer\DungeonFlow.Renderer.csproj", "{BB3452A3-12BF-4C7C-B6A0-FEFA40E2B782}"
EndProject
Global
	GlobalSection(SolutionConfigurationPlatforms) = preSolution
		Debug|Any CPU = Debug|Any CPU
		Release|Any CPU = Release|Any CPU
	EndGlobalSection
	GlobalSection(ProjectConfigurationPlatforms) = postSolution
		{135FE33A-C822-419C-AE75-F5C7CFCB9C97}.Debug|Any CPU.ActiveCfg = Debug|Any CPU
		{135FE33A-C822-419C-AE75-F5C7CFCB9C97}.Debug|Any CPU.Build.0 = Debug|Any CPU
		{135FE33A-C822-419C-AE75-F5C7CFCB9C97}.Release|Any CPU.ActiveCfg = Release|Any CPU
		{135FE33A-C822-419C-AE75-F5C7CFCB9C97}.Release|Any CPU.Build.0 = Release|Any CPU
		{1B9D7FEB-A50D-43E0-B2AD-2D3E3FC49108}.Debug|Any CPU.ActiveCfg = Debug|Any CPU
		{1B9D7FEB-A50D-43E0-B2AD-2D3E3FC49108}.Debug|Any CPU.Build.0 = Debug|Any CPU
		{1B9D7FEB-A50D-43E0-B2AD-2D3E3FC49108}.Release|Any CPU.ActiveCfg = Release|Any CPU
		{1B9D7FEB-A50D-43E0-B2AD-2D3E3FC49108}.Release|Any CPU.Build.0 = Release|Any CPU
		{BB3452A3-12BF-4C7C-B6A0-FEFA40E2B782}.Debug|Any CPU.ActiveCfg = Debug|Any CPU
		{BB3452A3-12BF-4C7C-B6A0-FEFA40E2B782}.Debug|Any CPU.Build.0 = Debug|Any CPU
		{BB3452A3-12BF-4C7C-B6A0-FEFA40E2B782}.Release|Any CPU.ActiveCfg = Release|Any CPU
		{BB3452A3-12BF-4C7C-B6A0-FEFA40E2B782}.Release|Any CPU.Build.0 = Release|Any CPU
	EndGlobalSection
	GlobalSection(SolutionProperties) = preSolution
		HideSolutionNode = FALSE
	EndGlobalSection
	GlobalSection(ExtensibilityGlobals) = postSolution
		SolutionGuid = {D576179F-EEC0-48F5-8BFE-7A77230771D3}
	EndGlobalSection
EndGlobal
